
Microsoft Visual Studio Solution File, Format Version 12.00
# Visual Studio Version 17
VisualStudioVersion = 17.4.33103.184
MinimumVisualStudioVersion = 10.0.40219.1
Project("{9A19103F-16F7-4668-BE54-9A1E7A4F7556}") = "FavoriteMovies.Server", "FavoriteMovies\Server\FavoriteMovies.Server.csproj", "{6A6AEDD2-E680-4EBC-B7C7-03BCE822A306}"
EndProject
Project("{9A19103F-16F7-4668-BE54-9A1E7A4F7556}") = "FavoriteMovies.Client", "FavoriteMovies\Client\FavoriteMovies.Client.csproj", "{568363D8-B24B-4347-84D6-89C65B5B33C3}"
EndProject
Project("{9A19103F-16F7-4668-BE54-9A1E7A4F7556}") = "FavoriteMovies.Shared", "FavoriteMovies\Shared\FavoriteMovies.Shared.csproj", "{DF683C79-3483-4114-A606-62D2BF50BACB}"
EndProject
Global
	GlobalSection(SolutionConfigurationPlatforms) = preSolution
		Debug|Any CPU = Debug|Any CPU
		Release|Any CPU = Release|Any CPU
	EndGlobalSection
	GlobalSection(ProjectConfigurationPlatforms) = postSolution
		{6A6AEDD2-E680-4EBC-B7C7-03BCE822A306}.Debug|Any CPU.ActiveCfg = Debug|Any CPU
		{6A6AEDD2-E680-4EBC-B7C7-03BCE822A306}.Debug|Any CPU.Build.0 = Debug|Any CPU
		{6A6AEDD2-E680-4EBC-B7C7-03BCE822A306}.Release|Any CPU.ActiveCfg = Release|Any CPU
		{6A6AEDD2-E680-4EBC-B7C7-03BCE822A306}.Release|Any CPU.Build.0 = Release|Any CPU
		{568363D8-B24B-4347-84D6-89C65B5B33C3}.Debug|Any CPU.ActiveCfg = Debug|Any CPU
		{568363D8-B24B-4347-84D6-89C65B5B33C3}.Debug|Any CPU.Build.0 = Debug|Any CPU
		{568363D8-B24B-4347-84D6-89C65B5B33C3}.Release|Any CPU.ActiveCfg = Release|Any CPU
		{568363D8-B24B-4347-84D6-89C65B5B33C3}.Release|Any CPU.Build.0 = Release|Any CPU
		{DF683C79-3483-4114-A606-62D2BF50BACB}.Debug|Any CPU.ActiveCfg = Debug|Any CPU
		{DF683C79-3483-4114-A606-62D2BF50BACB}.Debug|Any CPU.Build.0 = Debug|Any CPU
		{DF683C79-3483-4114-A606-62D2BF50BACB}.Release|Any CPU.ActiveCfg = Release|Any CPU
		{DF683C79-3483-4114-A606-62D2BF50BACB}.Release|Any CPU.Build.0 = Release|Any CPU
	EndGlobalSection
	GlobalSection(SolutionProperties) = preSolution
		HideSolutionNode = FALSE
	EndGlobalSection
	GlobalSection(ExtensibilityGlobals) = postSolution
		SolutionGuid = {45AF2360-9C2E-4251-9E60-7509E0F30916}
	EndGlobalSection
EndGlobal
